# THIS IS AN AUTOGENERATED FILE. DO NOT EDIT THIS FILE DIRECTLY.
# yarn lockfile v1


export-from-json@^1.6.0:
  version "1.6.0"
  resolved "https://registry.yarnpkg.com/export-from-json/-/export-from-json-1.6.0.tgz#4a79ba2f6f6aacd1d0e843a40f55009f603614a4"
  integrity sha512-DLHwOGYeGnATM6tOMOWgs9dbzCjO+DwO3YGaha2R6kmLCE5iL8dz5sOywWeJs4P1rhxpdaVILKhCB4mUrTbbGg==
